
Microsoft Visual Studio Solution File, Format Version 12.00
# Visual Studio Version 17
VisualStudioVersion = 17.10.35027.167
MinimumVisualStudioVersion = 10.0.40219.1
Project("{FAE04EC0-301F-11D3-BF4B-00C04F79EFBC}") = "PostAPI", "PostAPI\PostAPI.csproj", "{56B36D48-4DD7-4CAA-AB8A-F2A9AD8B413A}"
EndProject
Global
	GlobalSection(SolutionConfigurationPlatforms) = preSolution
		Debug|Any CPU = Debug|Any CPU
		Release|Any CPU = Release|Any CPU
	EndGlobalSection
	GlobalSection(ProjectConfigurationPlatforms) = postSolution
		{56B36D48-4DD7-4CAA-AB8A-F2A9AD8B413A}.Debug|Any CPU.ActiveCfg = Debug|Any CPU
		{56B36D48-4DD7-4CAA-AB8A-F2A9AD8B413A}.Debug|Any CPU.Build.0 = Debug|Any CPU
		{56B36D48-4DD7-4CAA-AB8A-F2A9AD8B413A}.Release|Any CPU.ActiveCfg = Release|Any CPU
		{56B36D48-4DD7-4CAA-AB8A-F2A9AD8B413A}.Release|Any CPU.Build.0 = Release|Any CPU
	EndGlobalSection
	GlobalSection(SolutionProperties) = preSolution
		HideSolutionNode = FALSE
	EndGlobalSection
	GlobalSection(ExtensibilityGlobals) = postSolution
		SolutionGuid = {A306197B-48A1-429A-837C-C71A05B9FD12}
	EndGlobalSection
EndGlobal
